{
  "name": "q7",
  "version": "1.0.0",
  "lockfileVersion": 3,
  "requires": true,
  "packages": {
    "": {
      "name": "q7",
      "version": "1.0.0",
      "license": "ISC",
      "dependencies": {
        "q7": "^0.0.1"
      }
    },
    "node_modules/q7": {
      "version": "0.0.1",
      "resolved": "https://registry.npmjs.org/q7/-/q7-0.0.1.tgz",
      "integrity": "sha512-oAi3K+abkrmWiF0YfBbZ53iUryj7Pp/fY7F2uH0RruXCs9BmKKIBEBkOu/bKinlANqX1y2DtSYPYmg8/BKR93A=="
    }
  }
}
